# This file is autogenerated, do not edit; changes may be undone by the next 'dep ensure'.


[[projects]]
  name = "github.com/go-sql-driver/mysql"
  packages = ["."]
  revision = "a0583e0143b1624142adab07e0e97fe106d99561"
  version = "v1.3"

[[projects]]
  name = "github.com/go-xorm/builder"
  packages = ["."]
  revision = "bad0a612f0d6277b953910822ab5dfb30dd18237"
  version = "v0.2.0"

[[projects]]
  name = "github.com/go-xorm/core"
  packages = ["."]
  revision = "c10e21e7e1cec20e09398f2dfae385e58c8df555"
  version = "v0.6.0"

[[projects]]
  name = "github.com/go-xorm/xorm"
  packages = ["."]
  revision = "d85bb4911c725a53b135fc12862748a41b6c07da"
  version = "v0.7.0"

[[projects]]
  name = "github.com/golang/mock"
  packages = ["gomock"]
  revision = "13f360950a79f5864a972c786a10a50e44b69541"
  version = "v1.0.0"

[[projects]]
  branch = "master"
  name = "github.com/gopherjs/gopherjs"
  packages = ["js"]
  revision = "8dffc02ea1cb8398bb73f30424697c60fcf8d4c5"

[[projects]]
  name = "github.com/jtolds/gls"
  packages = ["."]
  revision = "77f18212c9c7edc9bd6a33d383a7b545ce62f064"
  version = "v4.2.1"

[[projects]]
  branch = "master"
  name = "github.com/prashantv/gostub"
  packages = ["."]
  revision = "5c68b99bb08825598e70739c40603c901ee58dba"

[[projects]]
  name = "github.com/smartystreets/assertions"
  packages = [
    ".",
    "internal/go-render/render",
    "internal/oglematchers"
  ]
  revision = "7678a5452ebea5b7090a6b163f844c133f523da2"
  version = "1.8.3"

[[projects]]
  name = "github.com/smartystreets/goconvey"
  packages = [
    "convey",
    "convey/gotest",
    "convey/reporting"
  ]
  revision = "9e8dc3f972df6c8fcc0375ef492c24d0bb204857"
  version = "1.6.3"

[solve-meta]
  analyzer-name = "dep"
  analyzer-version = 1
  inputs-digest = "a38378bebeacfed5741ffada5b411b40e531394bef04f87e5265a3145b5284ed"
  solver-name = "gps-cdcl"
  solver-version = 1
